# THIS IS AN AUTOGENERATED FILE. DO NOT EDIT THIS FILE DIRECTLY.
# yarn lockfile v1


clsx@^1.1.1:
  version "1.2.1"
  resolved "https://registry.yarnpkg.com/clsx/-/clsx-1.2.1.tgz#0ddc4a20a549b59c93a4116bb26f5294ca17dc12"
  integrity sha512-EcR6r5a8bj6pu3ycsa/E/cKVGuTgZJZdsyUYHOksG/UHIiKfjxzRxYJpyVBwYaQeOvghal9fcc4PidlgzugAQg==

react-toastify@8.0.3:
  version "8.0.3"
  resolved "https://registry.yarnpkg.com/react-toastify/-/react-toastify-8.0.3.tgz#7fbf65f69ec357aab8dd03c1496f9177aa92409a"
  integrity sha512-rv3koC7f9lKKSkdpYgo/TGzgWlrB/aaiUInF1DyV7BpiM4kyTs+uhu6/r8XDMtBY2FOIHK+FlK3Iv7OzpA/tCA==
  dependencies:
    clsx "^1.1.1"
